
Microsoft Visual Studio Solution File, Format Version 11.00
# Visual Studio 2010
Project("{FAE04EC0-301F-11D3-BF4B-00C04F79EFBC}") = "LeapMotion w OpenCV", "Assembly-CSharp.csproj", "{67D077CF-DE44-C058-DF03-EA4399E5C83A}"
EndProject
Project("{FAE04EC0-301F-11D3-BF4B-00C04F79EFBC}") = "LeapMotion w OpenCV", "Assembly-CSharp-Editor.csproj", "{6B4FDFFA-1AE2-F2A8-5A19-C2CDB721012E}"
EndProject
Global
	GlobalSection(SolutionConfigurationPlatforms) = preSolution
		Debug|Any CPU = Debug|Any CPU
		Release|Any CPU = Release|Any CPU
	EndGlobalSection
	GlobalSection(ProjectConfigurationPlatforms) = postSolution
		{67D077CF-DE44-C058-DF03-EA4399E5C83A}.Debug|Any CPU.ActiveCfg = Debug|Any CPU
		{67D077CF-DE44-C058-DF03-EA4399E5C83A}.Debug|Any CPU.Build.0 = Debug|Any CPU
		{67D077CF-DE44-C058-DF03-EA4399E5C83A}.Release|Any CPU.ActiveCfg = Release|Any CPU
		{67D077CF-DE44-C058-DF03-EA4399E5C83A}.Release|Any CPU.Build.0 = Release|Any CPU
		{6B4FDFFA-1AE2-F2A8-5A19-C2CDB721012E}.Debug|Any CPU.ActiveCfg = Debug|Any CPU
		{6B4FDFFA-1AE2-F2A8-5A19-C2CDB721012E}.Debug|Any CPU.Build.0 = Debug|Any CPU
		{6B4FDFFA-1AE2-F2A8-5A19-C2CDB721012E}.Release|Any CPU.ActiveCfg = Release|Any CPU
		{6B4FDFFA-1AE2-F2A8-5A19-C2CDB721012E}.Release|Any CPU.Build.0 = Release|Any CPU
	EndGlobalSection
	GlobalSection(SolutionProperties) = preSolution
		HideSolutionNode = FALSE
	EndGlobalSection
	GlobalSection(MonoDevelopProperties) = preSolution
		StartupItem = Assembly-CSharp.csproj
	EndGlobalSection
EndGlobal
